
Microsoft Visual Studio Solution File, Format Version 12.00
# Visual Studio 15
VisualStudioVersion = 15.0.27703.2026
MinimumVisualStudioVersion = 10.0.40219.1
Project("{2150E333-8FDC-42A3-9474-1A3956D46DE8}") = "Backend", "Backend", "{86F108CA-C1D9-48C3-AA90-9BBC4FA26C20}"
EndProject
Project("{2150E333-8FDC-42A3-9474-1A3956D46DE8}") = "Features", "Features", "{E5CFB511-44CE-40DC-A77A-A466E7C44B75}"
EndProject
Project("{2150E333-8FDC-42A3-9474-1A3956D46DE8}") = "Common", "Common", "{C93217A3-D32E-444D-B90D-FC068A174558}"
EndProject
Project("{2150E333-8FDC-42A3-9474-1A3956D46DE8}") = "Database", "Database", "{91DE7C5E-C1F5-498C-A372-0DF260D1A0E8}"
EndProject
Project("{9A19103F-16F7-4668-BE54-9A1E7A4F7556}") = "Dvt.Common", "Backend\Common\Dvt.Common\Dvt.Common.csproj", "{AB46FEC5-883F-4C21-B9BE-EF1C7F6F6B1F}"
EndProject
Project("{9A19103F-16F7-4668-BE54-9A1E7A4F7556}") = "Dvt.Common.Tests.Unit", "Backend\Common\Dvt.Common.Tests.Unit\Dvt.Common.Tests.Unit.csproj", "{A948B915-7ACB-4B3B-A1AD-C79FCC391419}"
EndProject
Project("{9A19103F-16F7-4668-BE54-9A1E7A4F7556}") = "Dvt.Common.TestUtilities", "Backend\Common\Dvt.Common.TestUtilities\Dvt.Common.TestUtilities.csproj", "{B350B68E-1EBD-45B5-900B-3151E9396556}"
EndProject
Project("{9A19103F-16F7-4668-BE54-9A1E7A4F7556}") = "Dvt.Infrastructure", "Backend\Common\Dvt.Infrastructure\Dvt.Infrastructure.csproj", "{0C8BEA49-747C-4DF4-83D5-4A993624674B}"
EndProject
Project("{2150E333-8FDC-42A3-9474-1A3956D46DE8}") = "Frontend", "Frontend", "{1EA137BD-F076-4F28-B34A-BA0D911FBC43}"
EndProject
Project("{00D1A9C2-B5F0-4AF3-8072-F6C62B433612}") = "DvtDatabase", "Backend\Database\DvtDatabase\DvtDatabase.sqlproj", "{96310A5E-793E-42C0-B6A2-5F52D4F44D95}"
EndProject
Project("{9A19103F-16F7-4668-BE54-9A1E7A4F7556}") = "Dvt.Features.Core", "Backend\Features\Dvt.Features.Core\Dvt.Features.Core.csproj", "{F9E4D0C7-CA12-4412-BC85-C7980D5E2E67}"
EndProject
Project("{9A19103F-16F7-4668-BE54-9A1E7A4F7556}") = "Dvt.Features.Core.Tests.Unit", "Backend\Features\Dvt.Features.Core.Tests.Unit\Dvt.Features.Core.Tests.Unit.csproj", "{A74F7364-B766-4431-AE12-A000EF8EF320}"
EndProject
Project("{9A19103F-16F7-4668-BE54-9A1E7A4F7556}") = "Dvt.Features.Messages", "Backend\Features\Dvt.Features.Messages\Dvt.Features.Messages.csproj", "{9CAF006C-FB48-446E-B80E-BA2978FBEC45}"
EndProject
Project("{9A19103F-16F7-4668-BE54-9A1E7A4F7556}") = "dvt.webapp", "Frontend\dvt.webapp\dvt.webapp.csproj", "{F9DE7322-0591-405A-A65F-31571D44233A}"
EndProject
Global
	GlobalSection(SolutionConfigurationPlatforms) = preSolution
		Debug|Any CPU = Debug|Any CPU
		Release|Any CPU = Release|Any CPU
	EndGlobalSection
	GlobalSection(ProjectConfigurationPlatforms) = postSolution
		{AB46FEC5-883F-4C21-B9BE-EF1C7F6F6B1F}.Debug|Any CPU.ActiveCfg = Debug|Any CPU
		{AB46FEC5-883F-4C21-B9BE-EF1C7F6F6B1F}.Debug|Any CPU.Build.0 = Debug|Any CPU
		{AB46FEC5-883F-4C21-B9BE-EF1C7F6F6B1F}.Release|Any CPU.ActiveCfg = Release|Any CPU
		{AB46FEC5-883F-4C21-B9BE-EF1C7F6F6B1F}.Release|Any CPU.Build.0 = Release|Any CPU
		{A948B915-7ACB-4B3B-A1AD-C79FCC391419}.Debug|Any CPU.ActiveCfg = Debug|Any CPU
		{A948B915-7ACB-4B3B-A1AD-C79FCC391419}.Debug|Any CPU.Build.0 = Debug|Any CPU
		{A948B915-7ACB-4B3B-A1AD-C79FCC391419}.Release|Any CPU.ActiveCfg = Release|Any CPU
		{A948B915-7ACB-4B3B-A1AD-C79FCC391419}.Release|Any CPU.Build.0 = Release|Any CPU
		{B350B68E-1EBD-45B5-900B-3151E9396556}.Debug|Any CPU.ActiveCfg = Debug|Any CPU
		{B350B68E-1EBD-45B5-900B-3151E9396556}.Debug|Any CPU.Build.0 = Debug|Any CPU
		{B350B68E-1EBD-45B5-900B-3151E9396556}.Release|Any CPU.ActiveCfg = Release|Any CPU
		{B350B68E-1EBD-45B5-900B-3151E9396556}.Release|Any CPU.Build.0 = Release|Any CPU
		{0C8BEA49-747C-4DF4-83D5-4A993624674B}.Debug|Any CPU.ActiveCfg = Debug|Any CPU
		{0C8BEA49-747C-4DF4-83D5-4A993624674B}.Debug|Any CPU.Build.0 = Debug|Any CPU
		{0C8BEA49-747C-4DF4-83D5-4A993624674B}.Release|Any CPU.ActiveCfg = Release|Any CPU
		{0C8BEA49-747C-4DF4-83D5-4A993624674B}.Release|Any CPU.Build.0 = Release|Any CPU
		{96310A5E-793E-42C0-B6A2-5F52D4F44D95}.Debug|Any CPU.ActiveCfg = Debug|Any CPU
		{96310A5E-793E-42C0-B6A2-5F52D4F44D95}.Debug|Any CPU.Build.0 = Debug|Any CPU
		{96310A5E-793E-42C0-B6A2-5F52D4F44D95}.Debug|Any CPU.Deploy.0 = Debug|Any CPU
		{96310A5E-793E-42C0-B6A2-5F52D4F44D95}.Release|Any CPU.ActiveCfg = Release|Any CPU
		{96310A5E-793E-42C0-B6A2-5F52D4F44D95}.Release|Any CPU.Build.0 = Release|Any CPU
		{96310A5E-793E-42C0-B6A2-5F52D4F44D95}.Release|Any CPU.Deploy.0 = Release|Any CPU
		{F9E4D0C7-CA12-4412-BC85-C7980D5E2E67}.Debug|Any CPU.ActiveCfg = Debug|Any CPU
		{F9E4D0C7-CA12-4412-BC85-C7980D5E2E67}.Debug|Any CPU.Build.0 = Debug|Any CPU
		{F9E4D0C7-CA12-4412-BC85-C7980D5E2E67}.Release|Any CPU.ActiveCfg = Release|Any CPU
		{F9E4D0C7-CA12-4412-BC85-C7980D5E2E67}.Release|Any CPU.Build.0 = Release|Any CPU
		{A74F7364-B766-4431-AE12-A000EF8EF320}.Debug|Any CPU.ActiveCfg = Debug|Any CPU
		{A74F7364-B766-4431-AE12-A000EF8EF320}.Debug|Any CPU.Build.0 = Debug|Any CPU
		{A74F7364-B766-4431-AE12-A000EF8EF320}.Release|Any CPU.ActiveCfg = Release|Any CPU
		{A74F7364-B766-4431-AE12-A000EF8EF320}.Release|Any CPU.Build.0 = Release|Any CPU
		{9CAF006C-FB48-446E-B80E-BA2978FBEC45}.Debug|Any CPU.ActiveCfg = Debug|Any CPU
		{9CAF006C-FB48-446E-B80E-BA2978FBEC45}.Debug|Any CPU.Build.0 = Debug|Any CPU
		{9CAF006C-FB48-446E-B80E-BA2978FBEC45}.Release|Any CPU.ActiveCfg = Release|Any CPU
		{9CAF006C-FB48-446E-B80E-BA2978FBEC45}.Release|Any CPU.Build.0 = Release|Any CPU
		{F9DE7322-0591-405A-A65F-31571D44233A}.Debug|Any CPU.ActiveCfg = Debug|Any CPU
		{F9DE7322-0591-405A-A65F-31571D44233A}.Debug|Any CPU.Build.0 = Debug|Any CPU
		{F9DE7322-0591-405A-A65F-31571D44233A}.Release|Any CPU.ActiveCfg = Release|Any CPU
		{F9DE7322-0591-405A-A65F-31571D44233A}.Release|Any CPU.Build.0 = Release|Any CPU
	EndGlobalSection
	GlobalSection(SolutionProperties) = preSolution
		HideSolutionNode = FALSE
	EndGlobalSection
	GlobalSection(NestedProjects) = preSolution
		{E5CFB511-44CE-40DC-A77A-A466E7C44B75} = {86F108CA-C1D9-48C3-AA90-9BBC4FA26C20}
		{C93217A3-D32E-444D-B90D-FC068A174558} = {86F108CA-C1D9-48C3-AA90-9BBC4FA26C20}
		{91DE7C5E-C1F5-498C-A372-0DF260D1A0E8} = {86F108CA-C1D9-48C3-AA90-9BBC4FA26C20}
		{AB46FEC5-883F-4C21-B9BE-EF1C7F6F6B1F} = {C93217A3-D32E-444D-B90D-FC068A174558}
		{A948B915-7ACB-4B3B-A1AD-C79FCC391419} = {C93217A3-D32E-444D-B90D-FC068A174558}
		{B350B68E-1EBD-45B5-900B-3151E9396556} = {C93217A3-D32E-444D-B90D-FC068A174558}
		{0C8BEA49-747C-4DF4-83D5-4A993624674B} = {C93217A3-D32E-444D-B90D-FC068A174558}
		{96310A5E-793E-42C0-B6A2-5F52D4F44D95} = {91DE7C5E-C1F5-498C-A372-0DF260D1A0E8}
		{F9E4D0C7-CA12-4412-BC85-C7980D5E2E67} = {E5CFB511-44CE-40DC-A77A-A466E7C44B75}
		{A74F7364-B766-4431-AE12-A000EF8EF320} = {E5CFB511-44CE-40DC-A77A-A466E7C44B75}
		{9CAF006C-FB48-446E-B80E-BA2978FBEC45} = {E5CFB511-44CE-40DC-A77A-A466E7C44B75}
		{F9DE7322-0591-405A-A65F-31571D44233A} = {1EA137BD-F076-4F28-B34A-BA0D911FBC43}
	EndGlobalSection
	GlobalSection(ExtensibilityGlobals) = postSolution
		SolutionGuid = {1BBF7F2C-A27D-45E1-8EE3-5B464B4DA392}
	EndGlobalSection
EndGlobal
